
Microsoft Visual Studio Solution File, Format Version 12.00
# Visual Studio 2012
Project("{8BC9CEB8-8B4A-11D0-8D11-00A0C91BC942}") = "PipeASM", "PipeASM\PipeASM.vcxproj", "{E62DB168-2B3A-495A-BBDD-E69E0F67B11B}"
EndProject
Global
	GlobalSection(SolutionConfigurationPlatforms) = preSolution
		Debug|Win32 = Debug|Win32
		Release|Win32 = Release|Win32
	EndGlobalSection
	GlobalSection(ProjectConfigurationPlatforms) = postSolution
		{E62DB168-2B3A-495A-BBDD-E69E0F67B11B}.Debug|Win32.ActiveCfg = Debug|Win32
		{E62DB168-2B3A-495A-BBDD-E69E0F67B11B}.Debug|Win32.Build.0 = Debug|Win32
		{E62DB168-2B3A-495A-BBDD-E69E0F67B11B}.Release|Win32.ActiveCfg = Release|Win32
		{E62DB168-2B3A-495A-BBDD-E69E0F67B11B}.Release|Win32.Build.0 = Release|Win32
	EndGlobalSection
	GlobalSection(SolutionProperties) = preSolution
		HideSolutionNode = FALSE
	EndGlobalSection
EndGlobal
